
Microsoft Visual Studio Solution File, Format Version 12.00
# Visual Studio Version 17
VisualStudioVersion = 17.9.34701.34
MinimumVisualStudioVersion = 10.0.40219.1
Project("{FAE04EC0-301F-11D3-BF4B-00C04F79EFBC}") = "SA4SC.External.API", "SA4SC.External.API\SA4SC.External.API.csproj", "{957E8532-840B-4C8F-93B4-EB80C89A3034}"
EndProject
Global
	GlobalSection(SolutionConfigurationPlatforms) = preSolution
		Debug|Any CPU = Debug|Any CPU
		Debug|x64 = Debug|x64
		Release|Any CPU = Release|Any CPU
		Release|x64 = Release|x64
	EndGlobalSection
	GlobalSection(ProjectConfigurationPlatforms) = postSolution
		{957E8532-840B-4C8F-93B4-EB80C89A3034}.Debug|Any CPU.ActiveCfg = Debug|Any CPU
		{957E8532-840B-4C8F-93B4-EB80C89A3034}.Debug|Any CPU.Build.0 = Debug|Any CPU
		{957E8532-840B-4C8F-93B4-EB80C89A3034}.Debug|x64.ActiveCfg = Debug|x64
		{957E8532-840B-4C8F-93B4-EB80C89A3034}.Debug|x64.Build.0 = Debug|x64
		{957E8532-840B-4C8F-93B4-EB80C89A3034}.Release|Any CPU.ActiveCfg = Release|Any CPU
		{957E8532-840B-4C8F-93B4-EB80C89A3034}.Release|Any CPU.Build.0 = Release|Any CPU
		{957E8532-840B-4C8F-93B4-EB80C89A3034}.Release|x64.ActiveCfg = Release|x64
		{957E8532-840B-4C8F-93B4-EB80C89A3034}.Release|x64.Build.0 = Release|x64
	EndGlobalSection
	GlobalSection(SolutionProperties) = preSolution
		HideSolutionNode = FALSE
	EndGlobalSection
	GlobalSection(ExtensibilityGlobals) = postSolution
		SolutionGuid = {50F96302-CC9A-4203-8A3A-2CC9552D24AE}
	EndGlobalSection
EndGlobal
